
Microsoft Visual Studio Solution File, Format Version 12.00
# Visual Studio 15
VisualStudioVersion = 15.0.28010.2016
MinimumVisualStudioVersion = 10.0.40219.1
Project("{FAE04EC0-301F-11D3-BF4B-00C04F79EFBC}") = "PingWPF", "PingWPF\PingWPF.csproj", "{D430DCCE-3B4B-4CB0-9362-567AB2E6D83B}"
EndProject
Global
	GlobalSection(SolutionConfigurationPlatforms) = preSolution
		Debug|Any CPU = Debug|Any CPU
		Release|Any CPU = Release|Any CPU
	EndGlobalSection
	GlobalSection(ProjectConfigurationPlatforms) = postSolution
		{D430DCCE-3B4B-4CB0-9362-567AB2E6D83B}.Debug|Any CPU.ActiveCfg = Debug|Any CPU
		{D430DCCE-3B4B-4CB0-9362-567AB2E6D83B}.Debug|Any CPU.Build.0 = Debug|Any CPU
		{D430DCCE-3B4B-4CB0-9362-567AB2E6D83B}.Release|Any CPU.ActiveCfg = Release|Any CPU
		{D430DCCE-3B4B-4CB0-9362-567AB2E6D83B}.Release|Any CPU.Build.0 = Release|Any CPU
	EndGlobalSection
	GlobalSection(SolutionProperties) = preSolution
		HideSolutionNode = FALSE
	EndGlobalSection
	GlobalSection(ExtensibilityGlobals) = postSolution
		SolutionGuid = {832F5FEF-6D4F-4781-A4DD-D4177B2B8E96}
	EndGlobalSection
EndGlobal
